
Microsoft Visual Studio Solution File, Format Version 12.00
# Visual Studio Version 17
VisualStudioVersion = 17.3.32804.467
MinimumVisualStudioVersion = 10.0.40219.1
Project("{FAE04EC0-301F-11D3-BF4B-00C04F79EFBC}") = "GDAPS_DebuggingStarter", "GDAPS_DebuggingStarter.csproj", "{55228CD7-6F1D-40AC-AEEA-A0049CB5B7A6}"
EndProject
Global
	GlobalSection(SolutionConfigurationPlatforms) = preSolution
		Debug|Any CPU = Debug|Any CPU
		Release|Any CPU = Release|Any CPU
	EndGlobalSection
	GlobalSection(ProjectConfigurationPlatforms) = postSolution
		{55228CD7-6F1D-40AC-AEEA-A0049CB5B7A6}.Debug|Any CPU.ActiveCfg = Debug|Any CPU
		{55228CD7-6F1D-40AC-AEEA-A0049CB5B7A6}.Debug|Any CPU.Build.0 = Debug|Any CPU
		{55228CD7-6F1D-40AC-AEEA-A0049CB5B7A6}.Release|Any CPU.ActiveCfg = Release|Any CPU
		{55228CD7-6F1D-40AC-AEEA-A0049CB5B7A6}.Release|Any CPU.Build.0 = Release|Any CPU
	EndGlobalSection
	GlobalSection(SolutionProperties) = preSolution
		HideSolutionNode = FALSE
	EndGlobalSection
	GlobalSection(ExtensibilityGlobals) = postSolution
		SolutionGuid = {5E2A6D4F-C11D-4CD4-8543-EA7CE35B5D2D}
	EndGlobalSection
EndGlobal
